
Microsoft Visual Studio Solution File, Format Version 12.00
# Visual Studio Version 17
VisualStudioVersion = 17.1.32328.378
MinimumVisualStudioVersion = 10.0.40219.1
Project("{FAE04EC0-301F-11D3-BF4B-00C04F79EFBC}") = "app-web-backend", "app-web-backend\app-web-backend.csproj", "{716B0282-9EF4-41DA-B9E6-208762510ACB}"
EndProject
Global
	GlobalSection(SolutionConfigurationPlatforms) = preSolution
		Debug|Any CPU = Debug|Any CPU
		Release|Any CPU = Release|Any CPU
	EndGlobalSection
	GlobalSection(ProjectConfigurationPlatforms) = postSolution
		{716B0282-9EF4-41DA-B9E6-208762510ACB}.Debug|Any CPU.ActiveCfg = Debug|Any CPU
		{716B0282-9EF4-41DA-B9E6-208762510ACB}.Debug|Any CPU.Build.0 = Debug|Any CPU
		{716B0282-9EF4-41DA-B9E6-208762510ACB}.Release|Any CPU.ActiveCfg = Release|Any CPU
		{716B0282-9EF4-41DA-B9E6-208762510ACB}.Release|Any CPU.Build.0 = Release|Any CPU
	EndGlobalSection
	GlobalSection(SolutionProperties) = preSolution
		HideSolutionNode = FALSE
	EndGlobalSection
	GlobalSection(ExtensibilityGlobals) = postSolution
		SolutionGuid = {17298B39-51F6-4EE6-9913-DC85E5C88ADD}
	EndGlobalSection
EndGlobal
